{
  "name": "practice-for-sprint-15-react-redux-authenticate-me-for-render-deployment",
  "version": "1.0.0",
  "lockfileVersion": 2,
  "requires": true,
  "packages": {
    "": {
      "name": "practice-for-sprint-15-react-redux-authenticate-me-for-render-deployment",
      "version": "1.0.0",
      "hasInstallScript": true,
      "license": "ISC"
    }
  }
}
